
Microsoft Visual Studio Solution File, Format Version 12.00
# Visual Studio Version 17
VisualStudioVersion = 17.11.35219.272
MinimumVisualStudioVersion = 10.0.40219.1
Project("{9A19103F-16F7-4668-BE54-9A1E7A4F7556}") = "Formula", "Formula\Formula.csproj", "{42F4CEF1-EDC5-40F2-A92A-E21CF9FFC5D3}"
EndProject
Project("{2150E333-8FDC-42A3-9474-1A3956D46DE8}") = "Solution Items", "Solution Items", "{EF776461-419D-458D-8C6B-FD870007E1B9}"
	ProjectSection(SolutionItems) = preProject
		.editorconfig = .editorconfig
		README.md = README.md
	EndProjectSection
EndProject
Project("{9A19103F-16F7-4668-BE54-9A1E7A4F7556}") = "FormulaTests", "FormulaTests\FormulaTests.csproj", "{941C4A74-31ED-49B4-8369-EA206B6EA6A0}"
EndProject
Project("{9A19103F-16F7-4668-BE54-9A1E7A4F7556}") = "DependencyGraph", "DependencyGraph\DependencyGraph.csproj", "{150F5A21-E254-4057-843F-853157B75CE8}"
EndProject
Project("{9A19103F-16F7-4668-BE54-9A1E7A4F7556}") = "DependencyGraphTests", "DependencyGraphTests\DependencyGraphTests.csproj", "{F0FAEBD0-3319-4110-B003-EF6645A39F2C}"
EndProject
Project("{9A19103F-16F7-4668-BE54-9A1E7A4F7556}") = "Spreadsheet", "Spreadsheet\Spreadsheet.csproj", "{317E2C12-C3E2-4F5C-87AD-1A6C3AB57331}"
EndProject
Project("{9A19103F-16F7-4668-BE54-9A1E7A4F7556}") = "SpreadsheetTests", "SpreadsheetTests\SpreadsheetTests.csproj", "{B68F21EF-B91E-4DCF-9C5A-F031A585D8E6}"
EndProject
Project("{9A19103F-16F7-4668-BE54-9A1E7A4F7556}") = "GUI", "GUI\GUI.csproj", "{83A655F8-8C1B-4029-8EC6-3AC936094A7D}"
EndProject
Project("{9A19103F-16F7-4668-BE54-9A1E7A4F7556}") = "GUI.Client", "GUI.Client\GUI.Client.csproj", "{1865D2C8-9865-4B27-9555-A320CAC3F8D4}"
EndProject
Global
	GlobalSection(SolutionConfigurationPlatforms) = preSolution
		Debug|Any CPU = Debug|Any CPU
		Release|Any CPU = Release|Any CPU
	EndGlobalSection
	GlobalSection(ProjectConfigurationPlatforms) = postSolution
		{42F4CEF1-EDC5-40F2-A92A-E21CF9FFC5D3}.Debug|Any CPU.ActiveCfg = Debug|Any CPU
		{42F4CEF1-EDC5-40F2-A92A-E21CF9FFC5D3}.Debug|Any CPU.Build.0 = Debug|Any CPU
		{42F4CEF1-EDC5-40F2-A92A-E21CF9FFC5D3}.Release|Any CPU.ActiveCfg = Release|Any CPU
		{42F4CEF1-EDC5-40F2-A92A-E21CF9FFC5D3}.Release|Any CPU.Build.0 = Release|Any CPU
		{941C4A74-31ED-49B4-8369-EA206B6EA6A0}.Debug|Any CPU.ActiveCfg = Debug|Any CPU
		{941C4A74-31ED-49B4-8369-EA206B6EA6A0}.Debug|Any CPU.Build.0 = Debug|Any CPU
		{941C4A74-31ED-49B4-8369-EA206B6EA6A0}.Release|Any CPU.ActiveCfg = Release|Any CPU
		{941C4A74-31ED-49B4-8369-EA206B6EA6A0}.Release|Any CPU.Build.0 = Release|Any CPU
		{150F5A21-E254-4057-843F-853157B75CE8}.Debug|Any CPU.ActiveCfg = Debug|Any CPU
		{150F5A21-E254-4057-843F-853157B75CE8}.Debug|Any CPU.Build.0 = Debug|Any CPU
		{150F5A21-E254-4057-843F-853157B75CE8}.Release|Any CPU.ActiveCfg = Release|Any CPU
		{150F5A21-E254-4057-843F-853157B75CE8}.Release|Any CPU.Build.0 = Release|Any CPU
		{F0FAEBD0-3319-4110-B003-EF6645A39F2C}.Debug|Any CPU.ActiveCfg = Debug|Any CPU
		{F0FAEBD0-3319-4110-B003-EF6645A39F2C}.Debug|Any CPU.Build.0 = Debug|Any CPU
		{F0FAEBD0-3319-4110-B003-EF6645A39F2C}.Release|Any CPU.ActiveCfg = Release|Any CPU
		{F0FAEBD0-3319-4110-B003-EF6645A39F2C}.Release|Any CPU.Build.0 = Release|Any CPU
		{317E2C12-C3E2-4F5C-87AD-1A6C3AB57331}.Debug|Any CPU.ActiveCfg = Debug|Any CPU
		{317E2C12-C3E2-4F5C-87AD-1A6C3AB57331}.Debug|Any CPU.Build.0 = Debug|Any CPU
		{317E2C12-C3E2-4F5C-87AD-1A6C3AB57331}.Release|Any CPU.ActiveCfg = Release|Any CPU
		{317E2C12-C3E2-4F5C-87AD-1A6C3AB57331}.Release|Any CPU.Build.0 = Release|Any CPU
		{B68F21EF-B91E-4DCF-9C5A-F031A585D8E6}.Debug|Any CPU.ActiveCfg = Debug|Any CPU
		{B68F21EF-B91E-4DCF-9C5A-F031A585D8E6}.Debug|Any CPU.Build.0 = Debug|Any CPU
		{B68F21EF-B91E-4DCF-9C5A-F031A585D8E6}.Release|Any CPU.ActiveCfg = Release|Any CPU
		{B68F21EF-B91E-4DCF-9C5A-F031A585D8E6}.Release|Any CPU.Build.0 = Release|Any CPU
		{83A655F8-8C1B-4029-8EC6-3AC936094A7D}.Debug|Any CPU.ActiveCfg = Debug|Any CPU
		{83A655F8-8C1B-4029-8EC6-3AC936094A7D}.Debug|Any CPU.Build.0 = Debug|Any CPU
		{83A655F8-8C1B-4029-8EC6-3AC936094A7D}.Release|Any CPU.ActiveCfg = Release|Any CPU
		{83A655F8-8C1B-4029-8EC6-3AC936094A7D}.Release|Any CPU.Build.0 = Release|Any CPU
		{1865D2C8-9865-4B27-9555-A320CAC3F8D4}.Debug|Any CPU.ActiveCfg = Debug|Any CPU
		{1865D2C8-9865-4B27-9555-A320CAC3F8D4}.Debug|Any CPU.Build.0 = Debug|Any CPU
		{1865D2C8-9865-4B27-9555-A320CAC3F8D4}.Release|Any CPU.ActiveCfg = Release|Any CPU
		{1865D2C8-9865-4B27-9555-A320CAC3F8D4}.Release|Any CPU.Build.0 = Release|Any CPU
	EndGlobalSection
	GlobalSection(SolutionProperties) = preSolution
		HideSolutionNode = FALSE
	EndGlobalSection
	GlobalSection(ExtensibilityGlobals) = postSolution
		SolutionGuid = {942D1B10-E163-4481-850A-4AE701955596}
	EndGlobalSection
EndGlobal
